
Microsoft Visual Studio Solution File, Format Version 12.00
# Visual Studio 15
VisualStudioVersion = 15.0.27130.2036
MinimumVisualStudioVersion = 10.0.40219.1
Project("{8BC9CEB8-8B4A-11D0-8D11-00A0C91BC942}") = "Project9", "..\documents\visual studio 2017\Projects\Project9\Project9.vcxproj", "{0075DBF0-3360-4B36-BE2E-F82DFBC03B08}"
EndProject
Global
	GlobalSection(SolutionConfigurationPlatforms) = preSolution
		Debug|x64 = Debug|x64
		Debug|x86 = Debug|x86
		Release|x64 = Release|x64
		Release|x86 = Release|x86
	EndGlobalSection
	GlobalSection(ProjectConfigurationPlatforms) = postSolution
		{0075DBF0-3360-4B36-BE2E-F82DFBC03B08}.Debug|x64.ActiveCfg = Debug|x64
		{0075DBF0-3360-4B36-BE2E-F82DFBC03B08}.Debug|x64.Build.0 = Debug|x64
		{0075DBF0-3360-4B36-BE2E-F82DFBC03B08}.Debug|x86.ActiveCfg = Debug|Win32
		{0075DBF0-3360-4B36-BE2E-F82DFBC03B08}.Debug|x86.Build.0 = Debug|Win32
		{0075DBF0-3360-4B36-BE2E-F82DFBC03B08}.Release|x64.ActiveCfg = Release|x64
		{0075DBF0-3360-4B36-BE2E-F82DFBC03B08}.Release|x64.Build.0 = Release|x64
		{0075DBF0-3360-4B36-BE2E-F82DFBC03B08}.Release|x86.ActiveCfg = Release|Win32
		{0075DBF0-3360-4B36-BE2E-F82DFBC03B08}.Release|x86.Build.0 = Release|Win32
	EndGlobalSection
	GlobalSection(SolutionProperties) = preSolution
		HideSolutionNode = FALSE
	EndGlobalSection
	GlobalSection(ExtensibilityGlobals) = postSolution
		SolutionGuid = {2A3AF87F-941E-47E7-998A-A18B51DC43A7}
	EndGlobalSection
EndGlobal
